{
  "lockfileVersion": 1,
  "configVersion": 1,
  "workspaces": {
    "": {
      "name": "nginx-ui-demo-e2e",
      "devDependencies": {
        "@playwright/test": "1.64.0",
      },
    },
  },
  "packages": {
    "@playwright/test": ["@playwright/test@1.64.0", "", { "dependencies": { "playwright": "1.64.0" }, "bin": { "playwright": "cli.js" } }, "sha512-oTN9FNYuN6bqQMwiho6jJKLCG2/QOYCixGXuCjRmzOq23eODeukuY2XiAVoVpAECbuezMt1MHQjAiQxK8F+Y+g=="],

    "playwright": ["playwright@1.64.0", "", { "dependencies": { "playwright-core": "1.64.0" }, "bin": { "playwright": "cli.js" } }, "sha512-kVzTnYFYEyQ9RGzBjNCd2+yEqWmVbxl3AHPynv3qQ6JTjv4a+kwRcnqQwIpuP3NnrnIrE/Q6wWAIAvMfIE2/Yg=="],

    "playwright-core": ["playwright-core@1.64.0", "", { "bin": { "playwright-core": "cli.js" } }, "sha512-T9r+MZkTECl2+oUcZ26YgZzTrYidTsIhYYkJix+6iDOymOb1FB2RLLSOxRGnZGv5DStt+aduIVbt+E8WygXYpg=="],
  }
}
